// !$*UTF8*$!
{
	archiveVersion = 1;
	classes = {
	};
	objectVersion = 46;
	objects = {

/* Begin PBXBuildFile section */
		758C00331E95E5EA00AC7DDF /* AppDelegate.swift in Sources */ = {isa = PBXBuildFile; fileRef = 758C00321E95E5EA00AC7DDF /* AppDelegate.swift */; };
		758C00351E95E5EA00AC7DDF /* ViewController.swift in Sources */ = {isa = PBXBuildFile; fileRef = 758C00341E95E5EA00AC7DDF /* ViewController.swift */; };
		758C00381E95E5EA00AC7DDF /* Main.storyboard in Resources */ = {isa = PBXBuildFile; fileRef = 758C00361E95E5EA00AC7DDF /* Main.storyboard */; };
		758C003A1E95E5EA00AC7DDF /* Assets.xcassets in Resources */ = {isa = PBXBuildFile; fileRef = 758C00391E95E5EA00AC7DDF /* Assets.xcassets */; };
		758C003D1E95E5EA00AC7DDF /* LaunchScreen.storyboard in Resources */ = {isa = PBXBuildFile; fileRef = 758C003B1E95E5EA00AC7DDF /* LaunchScreen.storyboard */; };
		758C00451E95E63800AC7DDF /* background.jpg in Resources */ = {isa = PBXBuildFile; fileRef = 758C00441E95E63800AC7DDF /* background.jpg */; };
/* End PBXBuildFile section */

/* Begin PBXFileReference section */
		758C002F1E95E5EA00AC7DDF /* FlightBooking.app */ = {isa = PBXFileReference; explicitFileType = wrapper.application; includeInIndex = 0; path = FlightBooking.app; sourceTree = BUILT_PRODUCTS_DIR; };
		758C00321E95E5EA00AC7DDF /* AppDelegate.swift */ = {isa = PBXFileReference; lastKnownFileType = sourcecode.swift; path = AppDelegate.swift; sourceTree = "<group>"; };
		758C00341E95E5EA00AC7DDF /* ViewController.swift */ = {isa = PBXFileReference; lastKnownFileType = sourcecode.swift; path = ViewController.swift; sourceTree = "<group>"; };
		758C00371E95E5EA00AC7DDF /* Base */ = {isa = PBXFileReference; lastKnownFileType = file.storyboard; name = Base; path = Base.lproj/Main.storyboard; sourceTree = "<group>"; };
		758C00391E95E5EA00AC7DDF /* Assets.xcassets */ = {isa = PBXFileReference; lastKnownFileType = folder.assetcatalog; path = Assets.xcassets; sourceTree = "<group>"; };
		758C003C1E95E5EA00AC7DDF /* Base */ = {isa = PBXFileReference; lastKnownFileType = file.storyboard; name = Base; path = Base.lproj/LaunchScreen.storyboard; sourceTree = "<group>"; };
		758C003E1E95E5EA00AC7DDF /* Info.plist */ = {isa = PBXFileReference; lastKnownFileType = text.plist.xml; path = Info.plist; sourceTree = "<group>"; };
		758C00441E95E63800AC7DDF /* background.jpg */ = {isa = PBXFileReference; lastKnownFileType = image.jpeg; path = background.jpg; sourceTree = "<group>"; };
/* End PBXFileReference section */

/* Begin PBXFrameworksBuildPhase section */
		758C002C1E95E5EA00AC7DDF /* Frameworks */ = {
			isa = PBXFrameworksBuildPhase;
			buildActionMask = 2147483647;
			files = (
			);
			runOnlyForDeploymentPostprocessing = 0;
		};
/* End PBXFrameworksBuildPhase section */

/* Begin PBXGroup section */
		758C00261E95E5EA00AC7DDF = {
			isa = PBXGroup;
			children = (
				758C00311E95E5EA00AC7DDF /* FlightBooking */,
				758C00301E95E5EA00AC7DDF /* Products */,
			);
			sourceTree = "<group>";
		};
		758C00301E95E5EA00AC7DDF /* Products */ = {
			isa = PBXGroup;
			children = (
				758C002F1E95E5EA00AC7DDF /* FlightBooking.app */,
			);
			name = Products;
			sourceTree = "<group>";
		};
		758C00311E95E5EA00AC7DDF /* FlightBooking */ = {
			isa = PBXGroup;
			children = (
				758C00441E95E63800AC7DDF /* background.jpg */,
				758C00321E95E5EA00AC7DDF /* AppDelegate.swift */,
				758C00341E95E5EA00AC7DDF /* ViewController.swift */,
				758C00361E95E5EA00AC7DDF /* Main.storyboard */,
				758C00391E95E5EA00AC7DDF /* Assets.xcassets */,
				758C003B1E95E5EA00AC7DDF /* LaunchScreen.storyboard */,
				758C003E1E95E5EA00AC7DDF /* Info.plist */,
			);
			path = FlightBooking;
			sourceTree = "<group>";
		};
/* End PBXGroup section */

/* Begin PBXNativeTarget section */
		758C002E1E95E5EA00AC7DDF /* FlightBooking */ = {
			isa = PBXNativeTarget;
			buildConfigurationList = 758C00411E95E5EA00AC7DDF /* Build configuration list for PBXNativeTarget "FlightBooking" */;
			buildPhases = (
				758C002B1E95E5EA00AC7DDF /* Sources */,
				758C002C1E95E5EA00AC7DDF /* Frameworks */,
				758C002D1E95E5EA00AC7DDF /* Resources */,
			);
			buildRules = (
			);
			dependencies = (
			);
			name = FlightBooking;
			productName = FlightBooking;
			productReference = 758C002F1E95E5EA00AC7DDF /* FlightBooking.app */;
			productType = "com.apple.product-type.application";
		};
/* End PBXNativeTarget section */

/* Begin PBXProject section */
		758C00271E95E5EA00AC7DDF /* Project object */ = {
			isa = PBXProject;
			attributes = {
				LastSwiftUpdateCheck = 0820;
				LastUpgradeCheck = 0820;
				ORGANIZATIONNAME = "Lee hyunjoo";
				TargetAttributes = {
					758C002E1E95E5EA00AC7DDF = {
						CreatedOnToolsVersion = 8.2.1;
						DevelopmentTeam = 8LFMC9QK66;
						ProvisioningStyle = Automatic;
					};
				};
			};
			buildConfigurationList = 758C002A1E95E5EA00AC7DDF /* Build configuration list for PBXProject "FlightBooking" */;
			compatibilityVersion = "Xcode 3.2";
			developmentRegion = English;
			hasScannedForEncodings = 0;
			knownRegions = (
				en,
				Base,
			);
			mainGroup = 758C00261E95E5EA00AC7DDF;
			productRefGroup = 758C00301E95E5EA00AC7DDF /* Products */;
			projectDirPath = "";
			projectRoot = "";
			targets = (
				758C002E1E95E5EA00AC7DDF /* FlightBooking */,
			);
		};
/* End PBXProject section */

/* Begin PBXResourcesBuildPhase section */
		758C002D1E95E5EA00AC7DDF /* Resources */ = {
			isa = PBXResourcesBuildPhase;
			buildActionMask = 2147483647;
			files = (
				758C00451E95E63800AC7DDF /* background.jpg in Resources */,
				758C003D1E95E5EA00AC7DDF /* LaunchScreen.storyboard in Resources */,
				758C003A1E95E5EA00AC7DDF /* Assets.xcassets in Resources */,
				758C00381E95E5EA00AC7DDF /* Main.storyboard in Resources */,
			);
			runOnlyForDeploymentPostprocessing = 0;
		};
/* End PBXResourcesBuildPhase section */

/* Begin PBXSourcesBuildPhase section */
		758C002B1E95E5EA00AC7DDF /* Sources */ = {
			isa = PBXSourcesBuildPhase;
			buildActionMask = 2147483647;
			files = (
				758C00351E95E5EA00AC7DDF /* ViewController.swift in Sources */,
				758C00331E95E5EA00AC7DDF /* AppDelegate.swift in Sources */,
			);
			runOnlyForDeploymentPostprocessing = 0;
		};
/* End PBXSourcesBuildPhase section */

/* Begin PBXVariantGroup section */
		758C00361E95E5EA00AC7DDF /* Main.storyboard */ = {
			isa = PBXVariantGroup;
			children = (
				758C00371E95E5EA00AC7DDF /* Base */,
			);
			name = Main.storyboard;
			sourceTree = "<group>";
		};
		758C003B1E95E5EA00AC7DDF /* LaunchScreen.storyboard */ = {
			isa = PBXVariantGroup;
			children = (
				758C003C1E95E5EA00AC7DDF /* Base */,
			);
			name = LaunchScreen.storyboard;
			sourceTree = "<group>";
		};
/* End PBXVariantGroup section */

/* Begin XCBuildConfiguration section */
		758C003F1E95E5EA00AC7DDF /* Debug */ = {
			isa = XCBuildConfiguration;
			buildSettings = {
				ALWAYS_SEARCH_USER_PATHS = NO;
				CLANG_ANALYZER_NONNULL = YES;
				CLANG_CXX_LANGUAGE_STANDARD = "gnu++0x";
				CLANG_CXX_LIBRARY = "libc++";
				CLANG_ENABLE_MODULES = YES;
				CLANG_ENABLE_OBJC_ARC = YES;
				CLANG_WARN_BOOL_CONVERSION = YES;
				CLANG_WARN_CONSTANT_CONVERSION = YES;
				CLANG_WARN_DIRECT_OBJC_ISA_USAGE = YES_ERROR;
				CLANG_WARN_DOCUMENTATION_COMMENTS = YES;
				CLANG_WARN_EMPTY_BODY = YES;
				CLANG_WARN_ENUM_CONVERSION = YES;
				CLANG_WARN_INFINITE_RECURSION = YES;
				CLANG_WARN_INT_CONVERSION = YES;
				CLANG_WARN_OBJC_ROOT_CLASS = YES_ERROR;
				CLANG_WARN_SUSPICIOUS_MOVE = YES;
				CLANG_WARN_UNREACHABLE_CODE = YES;
				CLANG_WARN__DUPLICATE_METHOD_MATCH = YES;
				"CODE_SIGN_IDENTITY[sdk=iphoneos*]" = "iPhone Developer";
				COPY_PHASE_STRIP = NO;
				DEBUG_INFORMATION_FORMAT = dwarf;
				ENABLE_STRICT_OBJC_MSGSEND = YES;
				ENABLE_TESTABILITY = YES;
				GCC_C_LANGUAGE_STANDARD = gnu99;
				GCC_DYNAMIC_NO_PIC = NO;
				GCC_NO_COMMON_BLOCKS = YES;
				GCC_OPTIMIZATION_LEVEL = 0;
				GCC_PREPROCESSOR_DEFINITIONS = (
					"DEBUG=1",
					"$(inherited)",
				);
				GCC_WARN_64_TO_32_BIT_CONVERSION = YES;
				GCC_WARN_ABOUT_RETURN_TYPE = YES_ERROR;
				GCC_WARN_UNDECLARED_SELECTOR = YES;
				GCC_WARN_UNINITIALIZED_AUTOS = YES_AGGRESSIVE;
				GCC_WARN_UNUSED_FUNCTION = YES;
				GCC_WARN_UNUSED_VARIABLE = YES;
				IPHONEOS_DEPLOYMENT_TARGET = 10.2;
				MTL_ENABLE_DEBUG_INFO = YES;
				ONLY_ACTIVE_ARCH = YES;
				SDKROOT = iphoneos;
				SWIFT_ACTIVE_COMPILATION_CONDITIONS = DEBUG;
				SWIFT_OPTIMIZATION_LEVEL = "-Onone";
				TARGETED_DEVICE_FAMILY = "1,2";
			};
			name = Debug;
		};
		758C00401E95E5EA00AC7DDF /* Release */ = {
			isa = XCBuildConfiguration;
			buildSettings = {
				ALWAYS_SEARCH_USER_PATHS = NO;
				CLANG_ANALYZER_NONNULL = YES;
				CLANG_CXX_LANGUAGE_STANDARD = "gnu++0x";
				CLANG_CXX_LIBRARY = "libc++";
				CLANG_ENABLE_MODULES = YES;
				CLANG_ENABLE_OBJC_ARC = YES;
				CLANG_WARN_BOOL_CONVERSION = YES;
				CLANG_WARN_CONSTANT_CONVERSION = YES;
				CLANG_WARN_DIRECT_OBJC_ISA_USAGE = YES_ERROR;
				CLANG_WARN_DOCUMENTATION_COMMENTS = YES;
				CLANG_WARN_EMPTY_BODY = YES;
				CLANG_WARN_ENUM_CONVERSION = YES;
				CLANG_WARN_INFINITE_RECURSION = YES;
				CLANG_WARN_INT_CONVERSION = YES;
				CLANG_WARN_OBJC_ROOT_CLASS = YES_ERROR;
				CLANG_WARN_SUSPICIOUS_MOVE = YES;
				CLANG_WARN_UNREACHABLE_CODE = YES;
				CLANG_WARN__DUPLICATE_METHOD_MATCH = YES;
				"CODE_SIGN_IDENTITY[sdk=iphoneos*]" = "iPhone Developer";
				COPY_PHASE_STRIP = NO;
				DEBUG_INFORMATION_FORMAT = "dwarf-with-dsym";
				ENABLE_NS_ASSERTIONS = NO;
				ENABLE_STRICT_OBJC_MSGSEND = YES;
				GCC_C_LANGUAGE_STANDARD = gnu99;
				GCC_NO_COMMON_BLOCKS = YES;
				GCC_WARN_64_TO_32_BIT_CONVERSION = YES;
				GCC_WARN_ABOUT_RETURN_TYPE = YES_ERROR;
				GCC_WARN_UNDECLARED_SELECTOR = YES;
				GCC_WARN_UNINITIALIZED_AUTOS = YES_AGGRESSIVE;
				GCC_WARN_UNUSED_FUNCTION = YES;
				GCC_WARN_UNUSED_VARIABLE = YES;
				IPHONEOS_DEPLOYMENT_TARGET = 10.2;
				MTL_ENABLE_DEBUG_INFO = NO;
				SDKROOT = iphoneos;
				SWIFT_OPTIMIZATION_LEVEL = "-Owholemodule";
				TARGETED_DEVICE_FAMILY = "1,2";
				VALIDATE_PRODUCT = YES;
			};
			name = Release;
		};
		758C00421E95E5EA00AC7DDF /* Debug */ = {
			isa = XCBuildConfiguration;
			buildSettings = {
				ASSETCATALOG_COMPILER_APPICON_NAME = AppIcon;
				DEVELOPMENT_TEAM = 8LFMC9QK66;
				INFOPLIST_FILE = FlightBooking/Info.plist;
				LD_RUNPATH_SEARCH_PATHS = "$(inherited) @executable_path/Frameworks";
				PRODUCT_BUNDLE_IDENTIFIER = com.siwa.FlightBooking;
				PRODUCT_NAME = "$(TARGET_NAME)";
				SWIFT_VERSION = 3.0;
			};
			name = Debug;
		};
		758C00431E95E5EA00AC7DDF /* Release */ = {
			isa = XCBuildConfiguration;
			buildSettings = {
				ASSETCATALOG_COMPILER_APPICON_NAME = AppIcon;
				DEVELOPMENT_TEAM = 8LFMC9QK66;
				INFOPLIST_FILE = FlightBooking/Info.plist;
				LD_RUNPATH_SEARCH_PATHS = "$(inherited) @executable_path/Frameworks";
				PRODUCT_BUNDLE_IDENTIFIER = com.siwa.FlightBooking;
				PRODUCT_NAME = "$(TARGET_NAME)";
				SWIFT_VERSION = 3.0;
			};
			name = Release;
		};
/* End XCBuildConfiguration section */

/* Begin XCConfigurationList section */
		758C002A1E95E5EA00AC7DDF /* Build configuration list for PBXProject "FlightBooking" */ = {
			isa = XCConfigurationList;
			buildConfigurations = (
				758C003F1E95E5EA00AC7DDF /* Debug */,
				758C00401E95E5EA00AC7DDF /* Release */,
			);
			defaultConfigurationIsVisible = 0;
			defaultConfigurationName = Release;
		};
		758C00411E95E5EA00AC7DDF /* Build configuration list for PBXNativeTarget "FlightBooking" */ = {
			isa = XCConfigurationList;
			buildConfigurations = (
				758C00421E95E5EA00AC7DDF /* Debug */,
				758C00431E95E5EA00AC7DDF /* Release */,
			);
			defaultConfigurationIsVisible = 0;
		};
/* End XCConfigurationList section */
	};
	rootObject = 758C00271E95E5EA00AC7DDF /* Project object */;
}
